
Microsoft Visual Studio Solution File, Format Version 12.00
# Visual Studio Version 17
VisualStudioVersion = 17.11.35327.3
MinimumVisualStudioVersion = 10.0.40219.1
Project("{FAE04EC0-301F-11D3-BF4B-00C04F79EFBC}") = "task_C#", "task_C#.csproj", "{E2BBB720-115F-4984-8A24-D96AF06761D0}"
EndProject
Project("{FAE04EC0-301F-11D3-BF4B-00C04F79EFBC}") = "hw_1008_повторение", "..\hw_1008_повторение\hw_1008_повторение.csproj", "{6C1C6621-0BA8-4BED-8138-A7879F08B926}"
EndProject
Global
	GlobalSection(SolutionConfigurationPlatforms) = preSolution
		Debug|Any CPU = Debug|Any CPU
		Release|Any CPU = Release|Any CPU
	EndGlobalSection
	GlobalSection(ProjectConfigurationPlatforms) = postSolution
		{E2BBB720-115F-4984-8A24-D96AF06761D0}.Debug|Any CPU.ActiveCfg = Debug|Any CPU
		{E2BBB720-115F-4984-8A24-D96AF06761D0}.Debug|Any CPU.Build.0 = Debug|Any CPU
		{E2BBB720-115F-4984-8A24-D96AF06761D0}.Release|Any CPU.ActiveCfg = Release|Any CPU
		{E2BBB720-115F-4984-8A24-D96AF06761D0}.Release|Any CPU.Build.0 = Release|Any CPU
		{6C1C6621-0BA8-4BED-8138-A7879F08B926}.Debug|Any CPU.ActiveCfg = Debug|Any CPU
		{6C1C6621-0BA8-4BED-8138-A7879F08B926}.Debug|Any CPU.Build.0 = Debug|Any CPU
		{6C1C6621-0BA8-4BED-8138-A7879F08B926}.Release|Any CPU.ActiveCfg = Release|Any CPU
		{6C1C6621-0BA8-4BED-8138-A7879F08B926}.Release|Any CPU.Build.0 = Release|Any CPU
	EndGlobalSection
	GlobalSection(SolutionProperties) = preSolution
		HideSolutionNode = FALSE
	EndGlobalSection
	GlobalSection(ExtensibilityGlobals) = postSolution
		SolutionGuid = {B46D7CB4-29A2-4339-B431-D762EE5425A4}
	EndGlobalSection
EndGlobal
